#
# This file is autogenerated by pip-compile with Python 3.12
# by the following command:
#
#    pip-compile --output-file=requirements.lock requirements.txt
#
certifi==2025.4.26
    # via requests
charset-normalizer==3.4.2
    # via requests
idna==3.10
    # via requests
pyside6==6.9.1
    # via -r requirements.txt
pyside6-addons==6.9.1
    # via pyside6
pyside6-essentials==6.9.1
    # via
    #   pyside6
    #   pyside6-addons
rarfile==4.2
    # via -r requirements.txt
requests==2.32.3
    # via -r requirements.txt
shiboken6==6.9.1
    # via
    #   pyside6
    #   pyside6-addons
    #   pyside6-essentials
urllib3==2.4.0
    # via requests

